{
  "name": "zwift-tracks-dl",
  "version": "1.5.9",
  "lockfileVersion": 3,
  "requires": true,
  "packages": {
    "": {
      "name": "zwift-tracks-dl",
      "version": "1.5.9",
      "license": "MIT",
      "dependencies": {
        "zwift-data": "1.x"
      },
      "bin": {
        "zwift-tracks-dl": "bin/index.mjs"
      }
    },
    "node_modules/zwift-data": {
      "version": "1.37.3",
      "resolved": "https://registry.npmjs.org/zwift-data/-/zwift-data-1.37.3.tgz",
      "integrity": "sha512-aCq1yOjrmibzL+Ni0f1xhowIrXNepNvJaFeJeFvqzRfh+QPH8hgsm/B/UNweyqIdnqsBiXRawxtunvFcVJvGRA==",
      "license": "MIT"
    }
  }
}
