{
  "name": "zwift-tracks-dl",
  "version": "1.5.13",
  "lockfileVersion": 3,
  "requires": true,
  "packages": {
    "": {
      "name": "zwift-tracks-dl",
      "version": "1.5.13",
      "license": "MIT",
      "dependencies": {
        "zwift-data": "1.x"
      },
      "bin": {
        "zwift-tracks-dl": "bin/index.mjs"
      }
    },
    "node_modules/zwift-data": {
      "version": "1.39.1",
      "resolved": "https://registry.npmjs.org/zwift-data/-/zwift-data-1.39.1.tgz",
      "integrity": "sha512-fMP0UxHhuvaqnCdfPBGaEmZjwgRZbkY7rFwXyE5sxKaDpk5HVSb0UG5ShN3VQeD05XjaQ90d0741WcMSIJ14Ng==",
      "license": "MIT"
    }
  }
}
