{
  "name": "zwift-tracks-dl",
  "version": "1.5.24",
  "lockfileVersion": 3,
  "requires": true,
  "packages": {
    "": {
      "name": "zwift-tracks-dl",
      "version": "1.5.24",
      "license": "MIT",
      "dependencies": {
        "zwift-data": "1.x"
      },
      "bin": {
        "zwift-tracks-dl": "bin/index.mjs"
      }
    },
    "node_modules/zwift-data": {
      "version": "1.42.3",
      "resolved": "https://registry.npmjs.org/zwift-data/-/zwift-data-1.42.3.tgz",
      "integrity": "sha512-ZNp9u3a0aXx5rD0aCQi9h7FJv6i3nWM+jjwPm912nezgnQ6EM+tqYDIcV4R82a89ZNt2f/jgpV3f/UZrXJeiVw==",
      "license": "MIT"
    }
  }
}
